{
  "name": "mcp-proxy-tauri",
  "version": "0.1.0",
  "lockfileVersion": 3,
  "requires": true,
  "packages": {
    "": {
      "name": "mcp-proxy-tauri",
      "version": "0.1.0",
      "dependencies": {
        "@tauri-apps/api": "^2.0.0",
        "@tauri-apps/plugin-dialog": "^2.0.0",
        "@tauri-apps/plugin-fs": "^2.0.0",
        "@tauri-apps/plugin-notification": "^2.0.0",
        "@tauri-apps/plugin-process": "^2.0.0",
        "@tauri-apps/plugin-shell": "^2.0.0"
      },
      "devDependencies": {
        "@tauri-apps/cli": "^2.0.0-rc.18"
      }
    },
    "node_modules/@tauri-apps/api": {
      "version": "2.7.0",
      "resolved": "https://registry.npmjs.org/@tauri-apps/api/-/api-2.7.0.tgz",
      "integrity": "sha512-v7fVE8jqBl8xJFOcBafDzXFc8FnicoH3j8o8DNNs0tHuEBmXUDqrCOAzMRX0UkfpwqZLqvrvK0GNQ45DfnoVDg==",
      "license": "Apache-2.0 OR MIT",
      "funding": {
        "type": "opencollective",
        "url": "https://opencollective.com/tauri"
      }
    },
    "node_modules/@tauri-apps/cli": {
      "version": "2.0.0-rc.18",
      "resolved": "https://registry.npmjs.org/@tauri-apps/cli/-/cli-2.0.0-rc.18.tgz",
      "integrity": "sha512-43PjSEISHI3uH2jyR7QlEJUv1yQYlCOvm5eEdadhHIooV5Dqjs6zkddwEJuHYRpSLI/IfiQ8VPBYrw/GfyvhCA==",
      "dev": true,
      "license": "Apache-2.0 OR MIT",
      "bin": {
        "tauri": "tauri.js"
      },
      "engines": {
        "node": ">= 10"
      },
      "funding": {
        "type": "opencollective",
        "url": "https://opencollective.com/tauri"
      },
      "optionalDependencies": {
        "@tauri-apps/cli-darwin-arm64": "2.0.0-rc.18",
        "@tauri-apps/cli-darwin-x64": "2.0.0-rc.18",
        "@tauri-apps/cli-linux-arm-gnueabihf": "2.0.0-rc.18",
        "@tauri-apps/cli-linux-arm64-gnu": "2.0.0-rc.18",
        "@tauri-apps/cli-linux-arm64-musl": "2.0.0-rc.18",
        "@tauri-apps/cli-linux-x64-gnu": "2.0.0-rc.18",
        "@tauri-apps/cli-linux-x64-musl": "2.0.0-rc.18",
        "@tauri-apps/cli-win32-arm64-msvc": "2.0.0-rc.18",
        "@tauri-apps/cli-win32-ia32-msvc": "2.0.0-rc.18",
        "@tauri-apps/cli-win32-x64-msvc": "2.0.0-rc.18"
      }
    },
    "node_modules/@tauri-apps/cli-darwin-arm64": {
      "version": "2.0.0-rc.18",
      "resolved": "https://registry.npmjs.org/@tauri-apps/cli-darwin-arm64/-/cli-darwin-arm64-2.0.0-rc.18.tgz",
      "integrity": "sha512-L2/VQ4q1pZyhqOifarVDJf/+JabU6DSUMj6979wXrUOOxmyfLCZaw5qGGsbirYOfxWMo+qcXEFRF411YIv9qWw==",
      "cpu": [
        "arm64"
      ],
      "dev": true,
      "license": "Apache-2.0 OR MIT",
      "optional": true,
      "os": [
        "darwin"
      ],
      "engines": {
        "node": ">= 10"
      }
    },
    "node_modules/@tauri-apps/cli-darwin-x64": {
      "version": "2.0.0-rc.18",
      "resolved": "https://registry.npmjs.org/@tauri-apps/cli-darwin-x64/-/cli-darwin-x64-2.0.0-rc.18.tgz",
      "integrity": "sha512-ri0NrRAh2CqejoKym67m9Devpqppnn4SrwWnuqV68oHXan3ibn2CeY+g3ygkb6Ch0v5ZcbxJEtop5fZwUTFH4w==",
      "cpu": [
        "x64"
      ],
      "dev": true,
      "license": "Apache-2.0 OR MIT",
      "optional": true,
      "os": [
        "darwin"
      ],
      "engines": {
        "node": ">= 10"
      }
    },
    "node_modules/@tauri-apps/cli-linux-arm-gnueabihf": {
      "version": "2.0.0-rc.18",
      "resolved": "https://registry.npmjs.org/@tauri-apps/cli-linux-arm-gnueabihf/-/cli-linux-arm-gnueabihf-2.0.0-rc.18.tgz",
      "integrity": "sha512-+dDZQIHXufqq3WVrKycudVeJa8xfRzIY2XHSYunWS5RMRx1PrcvLbZLBcm3BMtwuY9pwbzrpDHL4K/1+Maj4JQ==",
      "cpu": [
        "arm"
      ],
      "dev": true,
      "license": "Apache-2.0 OR MIT",
      "optional": true,
      "os": [
        "linux"
      ],
      "engines": {
        "node": ">= 10"
      }
    },
    "node_modules/@tauri-apps/cli-linux-arm64-gnu": {
      "version": "2.0.0-rc.18",
      "resolved": "https://registry.npmjs.org/@tauri-apps/cli-linux-arm64-gnu/-/cli-linux-arm64-gnu-2.0.0-rc.18.tgz",
      "integrity": "sha512-pti3FmMAJKArbr8FyoU8eFbcRHRcFRaD16crjNfXfGFGUGNXeMcrAAZptDpGZ9fPfMYBQYzUN/uKqHvrlrYFIw==",
      "cpu": [
        "arm64"
      ],
      "dev": true,
      "license": "Apache-2.0 OR MIT",
      "optional": true,
      "os": [
        "linux"
      ],
      "engines": {
        "node": ">= 10"
      }
    },
    "node_modules/@tauri-apps/cli-linux-arm64-musl": {
      "version": "2.0.0-rc.18",
      "resolved": "https://registry.npmjs.org/@tauri-apps/cli-linux-arm64-musl/-/cli-linux-arm64-musl-2.0.0-rc.18.tgz",
      "integrity": "sha512-1e+h543bXRnLLhUwhglnnH6eN4dgtbxKS48oHsBCpLEqLNrovHTHEd1xSZgUAEOh9J9hpIh6Bme7loCwOps9ZQ==",
      "cpu": [
        "arm64"
      ],
      "dev": true,
      "license": "Apache-2.0 OR MIT",
      "optional": true,
      "os": [
        "linux"
      ],
      "engines": {
        "node": ">= 10"
      }
    },
    "node_modules/@tauri-apps/cli-linux-x64-gnu": {
      "version": "2.0.0-rc.18",
      "resolved": "https://registry.npmjs.org/@tauri-apps/cli-linux-x64-gnu/-/cli-linux-x64-gnu-2.0.0-rc.18.tgz",
      "integrity": "sha512-5lwBuY06s5J1iCOZq+hM6spBhaGejkh8zn8HdVjnL0mqZ+cH/qbC1Uss6HO/gC1Q53JQFoYeam2P2/8UuNjlHQ==",
      "cpu": [
        "x64"
      ],
      "dev": true,
      "license": "Apache-2.0 OR MIT",
      "optional": true,
      "os": [
        "linux"
      ],
      "engines": {
        "node": ">= 10"
      }
    },
    "node_modules/@tauri-apps/cli-linux-x64-musl": {
      "version": "2.0.0-rc.18",
      "resolved": "https://registry.npmjs.org/@tauri-apps/cli-linux-x64-musl/-/cli-linux-x64-musl-2.0.0-rc.18.tgz",
      "integrity": "sha512-jtJ1EP6GhW258MKujampDbPWX+El26m8yGBzEcZxurrhFvN8d3QHgle4eT/cgqlVT+AZ9DVrhDwTfXilGjERZA==",
      "cpu": [
        "x64"
      ],
      "dev": true,
      "license": "Apache-2.0 OR MIT",
      "optional": true,
      "os": [
        "linux"
      ],
      "engines": {
        "node": ">= 10"
      }
    },
    "node_modules/@tauri-apps/cli-win32-arm64-msvc": {
      "version": "2.0.0-rc.18",
      "resolved": "https://registry.npmjs.org/@tauri-apps/cli-win32-arm64-msvc/-/cli-win32-arm64-msvc-2.0.0-rc.18.tgz",
      "integrity": "sha512-E9PSjWwvUnhnW/wjXti0UQgXDYLTUBKWtT2yOS2dXLspmvh1vwdRgZn/AjhjMM2HwZzhBW94Qys06mQAz6z2vg==",
      "cpu": [
        "arm64"
      ],
      "dev": true,
      "license": "Apache-2.0 OR MIT",
      "optional": true,
      "os": [
        "win32"
      ],
      "engines": {
        "node": ">= 10"
      }
    },
    "node_modules/@tauri-apps/cli-win32-ia32-msvc": {
      "version": "2.0.0-rc.18",
      "resolved": "https://registry.npmjs.org/@tauri-apps/cli-win32-ia32-msvc/-/cli-win32-ia32-msvc-2.0.0-rc.18.tgz",
      "integrity": "sha512-I+r88I/Dyqex7oV1NOtW3kxYoRegjxtQrQLILGsn6xcirTERnX0pPl1GYW5ooTxvs/H+qt4tuW5iL8Fp1lpmuQ==",
      "cpu": [
        "ia32"
      ],
      "dev": true,
      "license": "Apache-2.0 OR MIT",
      "optional": true,
      "os": [
        "win32"
      ],
      "engines": {
        "node": ">= 10"
      }
    },
    "node_modules/@tauri-apps/cli-win32-x64-msvc": {
      "version": "2.0.0-rc.18",
      "resolved": "https://registry.npmjs.org/@tauri-apps/cli-win32-x64-msvc/-/cli-win32-x64-msvc-2.0.0-rc.18.tgz",
      "integrity": "sha512-IEl0dDc10ln1rt2SGoNxKiYJIDS/fBsS1hTKT4cfZeeKCgHOqMqpdGq25RaVmkkk0UhW/9WeyjxIyFGO3ll4TA==",
      "cpu": [
        "x64"
      ],
      "dev": true,
      "license": "Apache-2.0 OR MIT",
      "optional": true,
      "os": [
        "win32"
      ],
      "engines": {
        "node": ">= 10"
      }
    },
    "node_modules/@tauri-apps/plugin-dialog": {
      "version": "2.3.2",
      "resolved": "https://registry.npmjs.org/@tauri-apps/plugin-dialog/-/plugin-dialog-2.3.2.tgz",
      "integrity": "sha512-cNLo9YeQSC0MF4IgXnotHsqEgJk72MBZLXmQPrLA95qTaaWiiaFQ38hIMdZ6YbGUNkr3oni3EhU+AD5jLHcdUA==",
      "license": "MIT OR Apache-2.0",
      "dependencies": {
        "@tauri-apps/api": "^2.6.0"
      }
    },
    "node_modules/@tauri-apps/plugin-fs": {
      "version": "2.4.1",
      "resolved": "https://registry.npmjs.org/@tauri-apps/plugin-fs/-/plugin-fs-2.4.1.tgz",
      "integrity": "sha512-vJlKZVGF3UAFGoIEVT6Oq5L4HGDCD78WmA4uhzitToqYiBKWAvZR61M6zAyQzHqLs0ADemkE4RSy/5sCmZm6ZQ==",
      "license": "MIT OR Apache-2.0",
      "dependencies": {
        "@tauri-apps/api": "^2.6.0"
      }
    },
    "node_modules/@tauri-apps/plugin-notification": {
      "version": "2.3.0",
      "resolved": "https://registry.npmjs.org/@tauri-apps/plugin-notification/-/plugin-notification-2.3.0.tgz",
      "integrity": "sha512-QDwXo9VzAlH97c0veuf19TZI6cRBPfJDl2O6hNEDvI66j60lOO9z+PL6MJrj8A6Y+t55r7mGhe3rQWLmOre2HA==",
      "license": "MIT OR Apache-2.0",
      "dependencies": {
        "@tauri-apps/api": "^2.6.0"
      }
    },
    "node_modules/@tauri-apps/plugin-process": {
      "version": "2.3.0",
      "resolved": "https://registry.npmjs.org/@tauri-apps/plugin-process/-/plugin-process-2.3.0.tgz",
      "integrity": "sha512-0DNj6u+9csODiV4seSxxRbnLpeGYdojlcctCuLOCgpH9X3+ckVZIEj6H7tRQ7zqWr7kSTEWnrxtAdBb0FbtrmQ==",
      "license": "MIT OR Apache-2.0",
      "dependencies": {
        "@tauri-apps/api": "^2.6.0"
      }
    },
    "node_modules/@tauri-apps/plugin-shell": {
      "version": "2.3.0",
      "resolved": "https://registry.npmjs.org/@tauri-apps/plugin-shell/-/plugin-shell-2.3.0.tgz",
      "integrity": "sha512-6GIRxO2z64uxPX4CCTuhQzefvCC0ew7HjdBhMALiGw74vFBDY95VWueAHOHgNOMV4UOUAFupyidN9YulTe5xlA==",
      "license": "MIT OR Apache-2.0",
      "dependencies": {
        "@tauri-apps/api": "^2.6.0"
      }
    }
  }
}
